
Microsoft Visual Studio Solution File, Format Version 12.00
# Visual Studio 15
VisualStudioVersion = 15.0.27130.2020
MinimumVisualStudioVersion = 10.0.40219.1
Project("{FAE04EC0-301F-11D3-BF4B-00C04F79EFBC}") = "ContosoUniversity", "ContosoUniversity\ContosoUniversity.csproj", "{55807EDD-ACA6-434A-B00A-2A9A692E4F33}"
EndProject
Project("{FAE04EC0-301F-11D3-BF4B-00C04F79EFBC}") = "ContosoUniversity.Tests", "ContosoUniversity.Tests\ContosoUniversity.Tests.csproj", "{DDCE79B5-F298-4078-9728-2FFC9A00918A}"
EndProject
Global
	GlobalSection(SolutionConfigurationPlatforms) = preSolution
		Debug|Any CPU = Debug|Any CPU
		Release|Any CPU = Release|Any CPU
	EndGlobalSection
	GlobalSection(ProjectConfigurationPlatforms) = postSolution
		{55807EDD-ACA6-434A-B00A-2A9A692E4F33}.Debug|Any CPU.ActiveCfg = Debug|Any CPU
		{55807EDD-ACA6-434A-B00A-2A9A692E4F33}.Debug|Any CPU.Build.0 = Debug|Any CPU
		{55807EDD-ACA6-434A-B00A-2A9A692E4F33}.Release|Any CPU.ActiveCfg = Release|Any CPU
		{55807EDD-ACA6-434A-B00A-2A9A692E4F33}.Release|Any CPU.Build.0 = Release|Any CPU
		{DDCE79B5-F298-4078-9728-2FFC9A00918A}.Debug|Any CPU.ActiveCfg = Debug|Any CPU
		{DDCE79B5-F298-4078-9728-2FFC9A00918A}.Debug|Any CPU.Build.0 = Debug|Any CPU
		{DDCE79B5-F298-4078-9728-2FFC9A00918A}.Release|Any CPU.ActiveCfg = Release|Any CPU
		{DDCE79B5-F298-4078-9728-2FFC9A00918A}.Release|Any CPU.Build.0 = Release|Any CPU
	EndGlobalSection
	GlobalSection(SolutionProperties) = preSolution
		HideSolutionNode = FALSE
	EndGlobalSection
	GlobalSection(ExtensibilityGlobals) = postSolution
		SolutionGuid = {E18EDBD7-A540-4C98-9025-FE80C4F36334}
	EndGlobalSection
EndGlobal
